
Microsoft Visual Studio Solution File, Format Version 12.00
# Visual Studio Version 17
VisualStudioVersion = 17.3.32929.385
MinimumVisualStudioVersion = 10.0.40219.1
Project("{FAE04EC0-301F-11D3-BF4B-00C04F79EFBC}") = "WFA221020", "WFA221020.csproj", "{2EDB9C90-DA8F-479C-B217-5CCD7A776DA1}"
EndProject
Global
	GlobalSection(SolutionConfigurationPlatforms) = preSolution
		Debug|Any CPU = Debug|Any CPU
		Release|Any CPU = Release|Any CPU
	EndGlobalSection
	GlobalSection(ProjectConfigurationPlatforms) = postSolution
		{2EDB9C90-DA8F-479C-B217-5CCD7A776DA1}.Debug|Any CPU.ActiveCfg = Debug|Any CPU
		{2EDB9C90-DA8F-479C-B217-5CCD7A776DA1}.Debug|Any CPU.Build.0 = Debug|Any CPU
		{2EDB9C90-DA8F-479C-B217-5CCD7A776DA1}.Release|Any CPU.ActiveCfg = Release|Any CPU
		{2EDB9C90-DA8F-479C-B217-5CCD7A776DA1}.Release|Any CPU.Build.0 = Release|Any CPU
	EndGlobalSection
	GlobalSection(SolutionProperties) = preSolution
		HideSolutionNode = FALSE
	EndGlobalSection
	GlobalSection(ExtensibilityGlobals) = postSolution
		SolutionGuid = {CFBEF4B4-E717-4E29-BBCD-33553E1D338F}
	EndGlobalSection
EndGlobal
